
Microsoft Visual Studio Solution File, Format Version 12.00
Project("{FAE04EC0-301F-11D3-BF4B-00C04F79EFBC}") = "McpClient", "McpClient\McpClient.csproj", "{2ADD0F21-611B-42B4-AE91-1421538DA2F2}"
EndProject
Project("{FAE04EC0-301F-11D3-BF4B-00C04F79EFBC}") = "McpServer", "McpServer\McpServer.csproj", "{C9B549F0-C856-45F0-9106-D66600B5225A}"
EndProject
Global
	GlobalSection(SolutionConfigurationPlatforms) = preSolution
		Debug|Any CPU = Debug|Any CPU
		Release|Any CPU = Release|Any CPU
	EndGlobalSection
	GlobalSection(ProjectConfigurationPlatforms) = postSolution
		{2ADD0F21-611B-42B4-AE91-1421538DA2F2}.Debug|Any CPU.ActiveCfg = Debug|Any CPU
		{2ADD0F21-611B-42B4-AE91-1421538DA2F2}.Debug|Any CPU.Build.0 = Debug|Any CPU
		{2ADD0F21-611B-42B4-AE91-1421538DA2F2}.Release|Any CPU.ActiveCfg = Release|Any CPU
		{2ADD0F21-611B-42B4-AE91-1421538DA2F2}.Release|Any CPU.Build.0 = Release|Any CPU
		{C9B549F0-C856-45F0-9106-D66600B5225A}.Debug|Any CPU.ActiveCfg = Debug|Any CPU
		{C9B549F0-C856-45F0-9106-D66600B5225A}.Debug|Any CPU.Build.0 = Debug|Any CPU
		{C9B549F0-C856-45F0-9106-D66600B5225A}.Release|Any CPU.ActiveCfg = Release|Any CPU
		{C9B549F0-C856-45F0-9106-D66600B5225A}.Release|Any CPU.Build.0 = Release|Any CPU
	EndGlobalSection
EndGlobal
